
Microsoft Visual Studio Solution File, Format Version 12.00
# Visual Studio Version 17
VisualStudioVersion = 17.3.32825.248
MinimumVisualStudioVersion = 10.0.40219.1
Project("{FAE04EC0-301F-11D3-BF4B-00C04F79EFBC}") = "FlyrodWebAppMVC", "FlyrodWebAppMVC.csproj", "{BD1BE03D-9300-4AF5-88FB-B36E8D1120EA}"
EndProject
Global
	GlobalSection(SolutionConfigurationPlatforms) = preSolution
		Debug|Any CPU = Debug|Any CPU
		Release|Any CPU = Release|Any CPU
	EndGlobalSection
	GlobalSection(ProjectConfigurationPlatforms) = postSolution
		{BD1BE03D-9300-4AF5-88FB-B36E8D1120EA}.Debug|Any CPU.ActiveCfg = Debug|Any CPU
		{BD1BE03D-9300-4AF5-88FB-B36E8D1120EA}.Debug|Any CPU.Build.0 = Debug|Any CPU
		{BD1BE03D-9300-4AF5-88FB-B36E8D1120EA}.Release|Any CPU.ActiveCfg = Release|Any CPU
		{BD1BE03D-9300-4AF5-88FB-B36E8D1120EA}.Release|Any CPU.Build.0 = Release|Any CPU
	EndGlobalSection
	GlobalSection(SolutionProperties) = preSolution
		HideSolutionNode = FALSE
	EndGlobalSection
	GlobalSection(ExtensibilityGlobals) = postSolution
		SolutionGuid = {AEDB5767-5F6B-4E08-9190-FE6F69A85132}
	EndGlobalSection
EndGlobal
